
Microsoft Visual Studio Solution File, Format Version 12.00
# Visual Studio 15
VisualStudioVersion = 15.0.28307.489
MinimumVisualStudioVersion = 10.0.40219.1
Project("{FAE04EC0-301F-11D3-BF4B-00C04F79EFBC}") = "DesignPatterns", "DesignPatterns\DesignPatterns.csproj", "{DE259032-7229-469F-B384-F3553AEF4959}"
EndProject
Global
	GlobalSection(SolutionConfigurationPlatforms) = preSolution
		Debug|Any CPU = Debug|Any CPU
		Release|Any CPU = Release|Any CPU
	EndGlobalSection
	GlobalSection(ProjectConfigurationPlatforms) = postSolution
		{DE259032-7229-469F-B384-F3553AEF4959}.Debug|Any CPU.ActiveCfg = Debug|Any CPU
		{DE259032-7229-469F-B384-F3553AEF4959}.Debug|Any CPU.Build.0 = Debug|Any CPU
		{DE259032-7229-469F-B384-F3553AEF4959}.Release|Any CPU.ActiveCfg = Release|Any CPU
		{DE259032-7229-469F-B384-F3553AEF4959}.Release|Any CPU.Build.0 = Release|Any CPU
	EndGlobalSection
	GlobalSection(SolutionProperties) = preSolution
		HideSolutionNode = FALSE
	EndGlobalSection
	GlobalSection(ExtensibilityGlobals) = postSolution
		SolutionGuid = {992D825F-D5F1-4ECF-BB8F-C607546B8329}
	EndGlobalSection
EndGlobal
